
Microsoft Visual Studio Solution File, Format Version 12.00
# Visual Studio 15
VisualStudioVersion = 15.0.28307.168
MinimumVisualStudioVersion = 10.0.40219.1
Project("{FAE04EC0-301F-11D3-BF4B-00C04F79EFBC}") = "Snake", "Snake\Snake.csproj", "{B620FCFE-ED46-436A-BC3C-1CED7E17AABC}"
EndProject
Global
	GlobalSection(SolutionConfigurationPlatforms) = preSolution
		Debug|Any CPU = Debug|Any CPU
		Release|Any CPU = Release|Any CPU
	EndGlobalSection
	GlobalSection(ProjectConfigurationPlatforms) = postSolution
		{B620FCFE-ED46-436A-BC3C-1CED7E17AABC}.Debug|Any CPU.ActiveCfg = Debug|Any CPU
		{B620FCFE-ED46-436A-BC3C-1CED7E17AABC}.Debug|Any CPU.Build.0 = Debug|Any CPU
		{B620FCFE-ED46-436A-BC3C-1CED7E17AABC}.Release|Any CPU.ActiveCfg = Release|Any CPU
		{B620FCFE-ED46-436A-BC3C-1CED7E17AABC}.Release|Any CPU.Build.0 = Release|Any CPU
	EndGlobalSection
	GlobalSection(SolutionProperties) = preSolution
		HideSolutionNode = FALSE
	EndGlobalSection
	GlobalSection(ExtensibilityGlobals) = postSolution
		SolutionGuid = {E5E64131-750B-4F3A-A64B-7D420B50916F}
	EndGlobalSection
EndGlobal
