
Microsoft Visual Studio Solution File, Format Version 12.00
# Visual Studio 15
VisualStudioVersion = 15.0.28307.168
MinimumVisualStudioVersion = 10.0.40219.1
Project("{FAE04EC0-301F-11D3-BF4B-00C04F79EFBC}") = "Calculator", "Calculator\Calculator.csproj", "{281D44EE-C201-472D-AA80-04016DF71CDD}"
EndProject
Global
	GlobalSection(SolutionConfigurationPlatforms) = preSolution
		Debug|Any CPU = Debug|Any CPU
		Release|Any CPU = Release|Any CPU
	EndGlobalSection
	GlobalSection(ProjectConfigurationPlatforms) = postSolution
		{281D44EE-C201-472D-AA80-04016DF71CDD}.Debug|Any CPU.ActiveCfg = Debug|Any CPU
		{281D44EE-C201-472D-AA80-04016DF71CDD}.Debug|Any CPU.Build.0 = Debug|Any CPU
		{281D44EE-C201-472D-AA80-04016DF71CDD}.Release|Any CPU.ActiveCfg = Release|Any CPU
		{281D44EE-C201-472D-AA80-04016DF71CDD}.Release|Any CPU.Build.0 = Release|Any CPU
	EndGlobalSection
	GlobalSection(SolutionProperties) = preSolution
		HideSolutionNode = FALSE
	EndGlobalSection
	GlobalSection(ExtensibilityGlobals) = postSolution
		SolutionGuid = {505F63C9-316E-4F68-9A04-BD5CBAB738CD}
	EndGlobalSection
EndGlobal
