
Microsoft Visual Studio Solution File, Format Version 12.00
# Visual Studio 15
VisualStudioVersion = 15.0.28307.168
MinimumVisualStudioVersion = 10.0.40219.1
Project("{FAE04EC0-301F-11D3-BF4B-00C04F79EFBC}") = "Shop", "Shop\Shop.csproj", "{3805DADE-0574-4B45-86B1-2505A6A4A88A}"
EndProject
Global
	GlobalSection(SolutionConfigurationPlatforms) = preSolution
		Debug|Any CPU = Debug|Any CPU
		Release|Any CPU = Release|Any CPU
	EndGlobalSection
	GlobalSection(ProjectConfigurationPlatforms) = postSolution
		{3805DADE-0574-4B45-86B1-2505A6A4A88A}.Debug|Any CPU.ActiveCfg = Debug|Any CPU
		{3805DADE-0574-4B45-86B1-2505A6A4A88A}.Debug|Any CPU.Build.0 = Debug|Any CPU
		{3805DADE-0574-4B45-86B1-2505A6A4A88A}.Release|Any CPU.ActiveCfg = Release|Any CPU
		{3805DADE-0574-4B45-86B1-2505A6A4A88A}.Release|Any CPU.Build.0 = Release|Any CPU
	EndGlobalSection
	GlobalSection(SolutionProperties) = preSolution
		HideSolutionNode = FALSE
	EndGlobalSection
	GlobalSection(ExtensibilityGlobals) = postSolution
		SolutionGuid = {4D23B7F2-40C1-4583-A1FB-AFED71A9C4A6}
	EndGlobalSection
EndGlobal
